
Microsoft Visual Studio Solution File, Format Version 12.00
# Visual Studio Version 16
VisualStudioVersion = 16.0.30621.155
MinimumVisualStudioVersion = 10.0.40219.1
Project("{9A19103F-16F7-4668-BE54-9A1E7A4F7556}") = "ttn", "ttn.csproj", "{6B3EB52F-490E-46D2-8C5B-67D34FE8CFB7}"
EndProject
Project("{54435603-DBB4-11D2-8724-00A0C9A8B90C}") = "SetupTTN", "SetupTTN\SetupTTN.vdproj", "{A8A05C46-9501-4F15-8344-59A0BDACDEF2}"
EndProject
Global
	GlobalSection(SolutionConfigurationPlatforms) = preSolution
		Debug|Any CPU = Debug|Any CPU
		Release|Any CPU = Release|Any CPU
	EndGlobalSection
	GlobalSection(ProjectConfigurationPlatforms) = postSolution
		{6B3EB52F-490E-46D2-8C5B-67D34FE8CFB7}.Debug|Any CPU.ActiveCfg = Debug|Any CPU
		{6B3EB52F-490E-46D2-8C5B-67D34FE8CFB7}.Debug|Any CPU.Build.0 = Debug|Any CPU
		{6B3EB52F-490E-46D2-8C5B-67D34FE8CFB7}.Release|Any CPU.ActiveCfg = Release|Any CPU
		{6B3EB52F-490E-46D2-8C5B-67D34FE8CFB7}.Release|Any CPU.Build.0 = Release|Any CPU
		{A8A05C46-9501-4F15-8344-59A0BDACDEF2}.Debug|Any CPU.ActiveCfg = Debug
		{A8A05C46-9501-4F15-8344-59A0BDACDEF2}.Release|Any CPU.ActiveCfg = Release
	EndGlobalSection
	GlobalSection(SolutionProperties) = preSolution
		HideSolutionNode = FALSE
	EndGlobalSection
	GlobalSection(ExtensibilityGlobals) = postSolution
		SolutionGuid = {617DB3E2-6FB6-4664-859C-587B9985B153}
	EndGlobalSection
EndGlobal
